// !$*UTF8*$!
{
	archiveVersion = 1;
	classes = {
	};
	objectVersion = 56;
	objects = {

/* Begin PBXBuildFile section */
		210E8CFE2B692F39000D5549 /* EarnedItApp.swift in Sources */ = {isa = PBXBuildFile; fileRef = 210E8CFD2B692F39000D5549 /* EarnedItApp.swift */; };
		210E8D002B692F39000D5549 /* ContentView.swift in Sources */ = {isa = PBXBuildFile; fileRef = 210E8CFF2B692F39000D5549 /* ContentView.swift */; };
		210E8D022B692F3A000D5549 /* Assets.xcassets in Resources */ = {isa = PBXBuildFile; fileRef = 210E8D012B692F3A000D5549 /* Assets.xcassets */; };
		210E8D052B692F3A000D5549 /* Preview Assets.xcassets in Resources */ = {isa = PBXBuildFile; fileRef = 210E8D042B692F3A000D5549 /* Preview Assets.xcassets */; };
		210E8D0C2B6938BD000D5549 /* wavePage.swift in Sources */ = {isa = PBXBuildFile; fileRef = 210E8D0B2B6938BD000D5549 /* wavePage.swift */; };
		210E8D0E2B695BBB000D5549 /* SplashScreen.swift in Sources */ = {isa = PBXBuildFile; fileRef = 210E8D0D2B695BBB000D5549 /* SplashScreen.swift */; };
		210E8D102B69BD67000D5549 /* toDoList.swift in Sources */ = {isa = PBXBuildFile; fileRef = 210E8D0F2B69BD67000D5549 /* toDoList.swift */; };
		210E8D122B69BD78000D5549 /* earnedRewards.swift in Sources */ = {isa = PBXBuildFile; fileRef = 210E8D112B69BD78000D5549 /* earnedRewards.swift */; };
		210E8D142B69BDB1000D5549 /* wishList.swift in Sources */ = {isa = PBXBuildFile; fileRef = 210E8D132B69BDB1000D5549 /* wishList.swift */; };
		210E8D162B69BDF2000D5549 /* tabView.swift in Sources */ = {isa = PBXBuildFile; fileRef = 210E8D152B69BDF2000D5549 /* tabView.swift */; };
		210E8D182B69FC9E000D5549 /* viewController.swift in Sources */ = {isa = PBXBuildFile; fileRef = 210E8D172B69FC9E000D5549 /* viewController.swift */; };
		21ADFD182B6C74B00085D1F7 /* sheetView.swift in Sources */ = {isa = PBXBuildFile; fileRef = 21ADFD172B6C74B00085D1F7 /* sheetView.swift */; };
		21D748BA2B6B508500E9A4EA /* functions.swift in Sources */ = {isa = PBXBuildFile; fileRef = 21D748B92B6B508500E9A4EA /* functions.swift */; };
		21D748BD2B6B50C900E9A4EA /* SwiftSoup in Frameworks */ = {isa = PBXBuildFile; productRef = 21D748BC2B6B50C900E9A4EA /* SwiftSoup */; };
		21D748BF2B6B574000E9A4EA /* modals.swift in Sources */ = {isa = PBXBuildFile; fileRef = 21D748BE2B6B574000E9A4EA /* modals.swift */; };
		C124358F2B6931AA007588A1 /* onboarding.swift in Sources */ = {isa = PBXBuildFile; fileRef = C124358E2B6931AA007588A1 /* onboarding.swift */; };
		C12435912B6934C3007588A1 /* OnboardingData.swift in Sources */ = {isa = PBXBuildFile; fileRef = C12435902B6934C3007588A1 /* OnboardingData.swift */; };
		C12435932B69357D007588A1 /* OnboardingView.swift in Sources */ = {isa = PBXBuildFile; fileRef = C12435922B69357D007588A1 /* OnboardingView.swift */; };
/* End PBXBuildFile section */

/* Begin PBXFileReference section */
		210E8CFA2B692F39000D5549 /* EarnedIt.app */ = {isa = PBXFileReference; explicitFileType = wrapper.application; includeInIndex = 0; path = EarnedIt.app; sourceTree = BUILT_PRODUCTS_DIR; };
		210E8CFD2B692F39000D5549 /* EarnedItApp.swift */ = {isa = PBXFileReference; lastKnownFileType = sourcecode.swift; path = EarnedItApp.swift; sourceTree = "<group>"; };
		210E8CFF2B692F39000D5549 /* ContentView.swift */ = {isa = PBXFileReference; lastKnownFileType = sourcecode.swift; path = ContentView.swift; sourceTree = "<group>"; };
		210E8D012B692F3A000D5549 /* Assets.xcassets */ = {isa = PBXFileReference; lastKnownFileType = folder.assetcatalog; path = Assets.xcassets; sourceTree = "<group>"; };
		210E8D042B692F3A000D5549 /* Preview Assets.xcassets */ = {isa = PBXFileReference; lastKnownFileType = folder.assetcatalog; path = "Preview Assets.xcassets"; sourceTree = "<group>"; };
		210E8D0B2B6938BD000D5549 /* wavePage.swift */ = {isa = PBXFileReference; lastKnownFileType = sourcecode.swift; path = wavePage.swift; sourceTree = "<group>"; };
		210E8D0D2B695BBB000D5549 /* SplashScreen.swift */ = {isa = PBXFileReference; lastKnownFileType = sourcecode.swift; path = SplashScreen.swift; sourceTree = "<group>"; };
		210E8D0F2B69BD67000D5549 /* toDoList.swift */ = {isa = PBXFileReference; lastKnownFileType = sourcecode.swift; path = toDoList.swift; sourceTree = "<group>"; };
		210E8D112B69BD78000D5549 /* earnedRewards.swift */ = {isa = PBXFileReference; lastKnownFileType = sourcecode.swift; path = earnedRewards.swift; sourceTree = "<group>"; };
		210E8D132B69BDB1000D5549 /* wishList.swift */ = {isa = PBXFileReference; lastKnownFileType = sourcecode.swift; path = wishList.swift; sourceTree = "<group>"; };
		210E8D152B69BDF2000D5549 /* tabView.swift */ = {isa = PBXFileReference; lastKnownFileType = sourcecode.swift; path = tabView.swift; sourceTree = "<group>"; };
		210E8D172B69FC9E000D5549 /* viewController.swift */ = {isa = PBXFileReference; lastKnownFileType = sourcecode.swift; path = viewController.swift; sourceTree = "<group>"; };
		214246582B6BE3BD00C8CB0B /* EarnedIt.entitlements */ = {isa = PBXFileReference; lastKnownFileType = text.plist.entitlements; path = EarnedIt.entitlements; sourceTree = "<group>"; };
		214246592B6BE3FD00C8CB0B /* Info.plist */ = {isa = PBXFileReference; lastKnownFileType = text.plist; path = Info.plist; sourceTree = "<group>"; };
		21ADFD172B6C74B00085D1F7 /* sheetView.swift */ = {isa = PBXFileReference; lastKnownFileType = sourcecode.swift; path = sheetView.swift; sourceTree = "<group>"; };
		21D748B92B6B508500E9A4EA /* functions.swift */ = {isa = PBXFileReference; lastKnownFileType = sourcecode.swift; path = functions.swift; sourceTree = "<group>"; };
		21D748BE2B6B574000E9A4EA /* modals.swift */ = {isa = PBXFileReference; lastKnownFileType = sourcecode.swift; path = modals.swift; sourceTree = "<group>"; };
		C124358E2B6931AA007588A1 /* onboarding.swift */ = {isa = PBXFileReference; lastKnownFileType = sourcecode.swift; path = onboarding.swift; sourceTree = "<group>"; };
		C12435902B6934C3007588A1 /* OnboardingData.swift */ = {isa = PBXFileReference; lastKnownFileType = sourcecode.swift; path = OnboardingData.swift; sourceTree = "<group>"; };
		C12435922B69357D007588A1 /* OnboardingView.swift */ = {isa = PBXFileReference; lastKnownFileType = sourcecode.swift; path = OnboardingView.swift; sourceTree = "<group>"; };
/* End PBXFileReference section */

/* Begin PBXFrameworksBuildPhase section */
		210E8CF72B692F39000D5549 /* Frameworks */ = {
			isa = PBXFrameworksBuildPhase;
			buildActionMask = 2147483647;
			files = (
				21D748BD2B6B50C900E9A4EA /* SwiftSoup in Frameworks */,
			);
			runOnlyForDeploymentPostprocessing = 0;
		};
/* End PBXFrameworksBuildPhase section */

/* Begin PBXGroup section */
		210E8CF12B692F39000D5549 = {
			isa = PBXGroup;
			children = (
				210E8CFC2B692F39000D5549 /* EarnedIt */,
				210E8CFB2B692F39000D5549 /* Products */,
			);
			sourceTree = "<group>";
		};
		210E8CFB2B692F39000D5549 /* Products */ = {
			isa = PBXGroup;
			children = (
				210E8CFA2B692F39000D5549 /* EarnedIt.app */,
			);
			name = Products;
			sourceTree = "<group>";
		};
		210E8CFC2B692F39000D5549 /* EarnedIt */ = {
			isa = PBXGroup;
			children = (
				214246592B6BE3FD00C8CB0B /* Info.plist */,
				214246582B6BE3BD00C8CB0B /* EarnedIt.entitlements */,
				21D748B92B6B508500E9A4EA /* functions.swift */,
				210E8D172B69FC9E000D5549 /* viewController.swift */,
				210E8D152B69BDF2000D5549 /* tabView.swift */,
				210E8CFD2B692F39000D5549 /* EarnedItApp.swift */,
				210E8CFF2B692F39000D5549 /* ContentView.swift */,
				210E8D0D2B695BBB000D5549 /* SplashScreen.swift */,
				210E8D0B2B6938BD000D5549 /* wavePage.swift */,
				210E8D0F2B69BD67000D5549 /* toDoList.swift */,
				210E8D132B69BDB1000D5549 /* wishList.swift */,
				210E8D112B69BD78000D5549 /* earnedRewards.swift */,
				C124358E2B6931AA007588A1 /* onboarding.swift */,
				C12435902B6934C3007588A1 /* OnboardingData.swift */,
				C12435922B69357D007588A1 /* OnboardingView.swift */,
				210E8D012B692F3A000D5549 /* Assets.xcassets */,
				210E8D032B692F3A000D5549 /* Preview Content */,
				21D748BE2B6B574000E9A4EA /* modals.swift */,
				21ADFD172B6C74B00085D1F7 /* sheetView.swift */,
			);
			path = EarnedIt;
			sourceTree = "<group>";
		};
		210E8D032B692F3A000D5549 /* Preview Content */ = {
			isa = PBXGroup;
			children = (
				210E8D042B692F3A000D5549 /* Preview Assets.xcassets */,
			);
			path = "Preview Content";
			sourceTree = "<group>";
		};
/* End PBXGroup section */

/* Begin PBXNativeTarget section */
		210E8CF92B692F39000D5549 /* EarnedIt */ = {
			isa = PBXNativeTarget;
			buildConfigurationList = 210E8D082B692F3A000D5549 /* Build configuration list for PBXNativeTarget "EarnedIt" */;
			buildPhases = (
				210E8CF62B692F39000D5549 /* Sources */,
				210E8CF72B692F39000D5549 /* Frameworks */,
				210E8CF82B692F39000D5549 /* Resources */,
			);
			buildRules = (
			);
			dependencies = (
			);
			name = EarnedIt;
			packageProductDependencies = (
				21D748BC2B6B50C900E9A4EA /* SwiftSoup */,
			);
			productName = EarnedIt;
			productReference = 210E8CFA2B692F39000D5549 /* EarnedIt.app */;
			productType = "com.apple.product-type.application";
		};
/* End PBXNativeTarget section */

/* Begin PBXProject section */
		210E8CF22B692F39000D5549 /* Project object */ = {
			isa = PBXProject;
			attributes = {
				BuildIndependentTargetsInParallel = 1;
				LastSwiftUpdateCheck = 1500;
				LastUpgradeCheck = 1500;
				TargetAttributes = {
					210E8CF92B692F39000D5549 = {
						CreatedOnToolsVersion = 15.0.1;
					};
				};
			};
			buildConfigurationList = 210E8CF52B692F39000D5549 /* Build configuration list for PBXProject "EarnedIt" */;
			compatibilityVersion = "Xcode 14.0";
			developmentRegion = en;
			hasScannedForEncodings = 0;
			knownRegions = (
				en,
				Base,
			);
			mainGroup = 210E8CF12B692F39000D5549;
			packageReferences = (
				21D748BB2B6B50C900E9A4EA /* XCRemoteSwiftPackageReference "SwiftSoup" */,
			);
			productRefGroup = 210E8CFB2B692F39000D5549 /* Products */;
			projectDirPath = "";
			projectRoot = "";
			targets = (
				210E8CF92B692F39000D5549 /* EarnedIt */,
			);
		};
/* End PBXProject section */

/* Begin PBXResourcesBuildPhase section */
		210E8CF82B692F39000D5549 /* Resources */ = {
			isa = PBXResourcesBuildPhase;
			buildActionMask = 2147483647;
			files = (
				210E8D052B692F3A000D5549 /* Preview Assets.xcassets in Resources */,
				210E8D022B692F3A000D5549 /* Assets.xcassets in Resources */,
			);
			runOnlyForDeploymentPostprocessing = 0;
		};
/* End PBXResourcesBuildPhase section */

/* Begin PBXSourcesBuildPhase section */
		210E8CF62B692F39000D5549 /* Sources */ = {
			isa = PBXSourcesBuildPhase;
			buildActionMask = 2147483647;
			files = (
				210E8D142B69BDB1000D5549 /* wishList.swift in Sources */,
				210E8D0E2B695BBB000D5549 /* SplashScreen.swift in Sources */,
				210E8D162B69BDF2000D5549 /* tabView.swift in Sources */,
				210E8D182B69FC9E000D5549 /* viewController.swift in Sources */,
				21D748BA2B6B508500E9A4EA /* functions.swift in Sources */,
				210E8D102B69BD67000D5549 /* toDoList.swift in Sources */,
				210E8D0C2B6938BD000D5549 /* wavePage.swift in Sources */,
				210E8D122B69BD78000D5549 /* earnedRewards.swift in Sources */,
				C12435912B6934C3007588A1 /* OnboardingData.swift in Sources */,
				210E8D002B692F39000D5549 /* ContentView.swift in Sources */,
				21ADFD182B6C74B00085D1F7 /* sheetView.swift in Sources */,
				C124358F2B6931AA007588A1 /* onboarding.swift in Sources */,
				21D748BF2B6B574000E9A4EA /* modals.swift in Sources */,
				C12435932B69357D007588A1 /* OnboardingView.swift in Sources */,
				210E8CFE2B692F39000D5549 /* EarnedItApp.swift in Sources */,
			);
			runOnlyForDeploymentPostprocessing = 0;
		};
/* End PBXSourcesBuildPhase section */

/* Begin XCBuildConfiguration section */
		210E8D062B692F3A000D5549 /* Debug */ = {
			isa = XCBuildConfiguration;
			buildSettings = {
				ALWAYS_SEARCH_USER_PATHS = NO;
				ASSETCATALOG_COMPILER_GENERATE_SWIFT_ASSET_SYMBOL_EXTENSIONS = YES;
				CLANG_ANALYZER_NONNULL = YES;
				CLANG_ANALYZER_NUMBER_OBJECT_CONVERSION = YES_AGGRESSIVE;
				CLANG_CXX_LANGUAGE_STANDARD = "gnu++20";
				CLANG_ENABLE_MODULES = YES;
				CLANG_ENABLE_OBJC_ARC = YES;
				CLANG_ENABLE_OBJC_WEAK = YES;
				CLANG_WARN_BLOCK_CAPTURE_AUTORELEASING = YES;
				CLANG_WARN_BOOL_CONVERSION = YES;
				CLANG_WARN_COMMA = YES;
				CLANG_WARN_CONSTANT_CONVERSION = YES;
				CLANG_WARN_DEPRECATED_OBJC_IMPLEMENTATIONS = YES;
				CLANG_WARN_DIRECT_OBJC_ISA_USAGE = YES_ERROR;
				CLANG_WARN_DOCUMENTATION_COMMENTS = YES;
				CLANG_WARN_EMPTY_BODY = YES;
				CLANG_WARN_ENUM_CONVERSION = YES;
				CLANG_WARN_INFINITE_RECURSION = YES;
				CLANG_WARN_INT_CONVERSION = YES;
				CLANG_WARN_NON_LITERAL_NULL_CONVERSION = YES;
				CLANG_WARN_OBJC_IMPLICIT_RETAIN_SELF = YES;
				CLANG_WARN_OBJC_LITERAL_CONVERSION = YES;
				CLANG_WARN_OBJC_ROOT_CLASS = YES_ERROR;
				CLANG_WARN_QUOTED_INCLUDE_IN_FRAMEWORK_HEADER = YES;
				CLANG_WARN_RANGE_LOOP_ANALYSIS = YES;
				CLANG_WARN_STRICT_PROTOTYPES = YES;
				CLANG_WARN_SUSPICIOUS_MOVE = YES;
				CLANG_WARN_UNGUARDED_AVAILABILITY = YES_AGGRESSIVE;
				CLANG_WARN_UNREACHABLE_CODE = YES;
				CLANG_WARN__DUPLICATE_METHOD_MATCH = YES;
				COPY_PHASE_STRIP = NO;
				DEBUG_INFORMATION_FORMAT = dwarf;
				ENABLE_STRICT_OBJC_MSGSEND = YES;
				ENABLE_TESTABILITY = YES;
				ENABLE_USER_SCRIPT_SANDBOXING = YES;
				GCC_C_LANGUAGE_STANDARD = gnu17;
				GCC_DYNAMIC_NO_PIC = NO;
				GCC_NO_COMMON_BLOCKS = YES;
				GCC_OPTIMIZATION_LEVEL = 0;
				GCC_PREPROCESSOR_DEFINITIONS = (
					"DEBUG=1",
					"$(inherited)",
				);
				GCC_WARN_64_TO_32_BIT_CONVERSION = YES;
				GCC_WARN_ABOUT_RETURN_TYPE = YES_ERROR;
				GCC_WARN_UNDECLARED_SELECTOR = YES;
				GCC_WARN_UNINITIALIZED_AUTOS = YES_AGGRESSIVE;
				GCC_WARN_UNUSED_FUNCTION = YES;
				GCC_WARN_UNUSED_VARIABLE = YES;
				IPHONEOS_DEPLOYMENT_TARGET = 17.0;
				LOCALIZATION_PREFERS_STRING_CATALOGS = YES;
				MTL_ENABLE_DEBUG_INFO = INCLUDE_SOURCE;
				MTL_FAST_MATH = YES;
				ONLY_ACTIVE_ARCH = YES;
				SDKROOT = iphoneos;
				SWIFT_ACTIVE_COMPILATION_CONDITIONS = "DEBUG $(inherited)";
				SWIFT_OPTIMIZATION_LEVEL = "-Onone";
			};
			name = Debug;
		};
		210E8D072B692F3A000D5549 /* Release */ = {
			isa = XCBuildConfiguration;
			buildSettings = {
				ALWAYS_SEARCH_USER_PATHS = NO;
				ASSETCATALOG_COMPILER_GENERATE_SWIFT_ASSET_SYMBOL_EXTENSIONS = YES;
				CLANG_ANALYZER_NONNULL = YES;
				CLANG_ANALYZER_NUMBER_OBJECT_CONVERSION = YES_AGGRESSIVE;
				CLANG_CXX_LANGUAGE_STANDARD = "gnu++20";
				CLANG_ENABLE_MODULES = YES;
				CLANG_ENABLE_OBJC_ARC = YES;
				CLANG_ENABLE_OBJC_WEAK = YES;
				CLANG_WARN_BLOCK_CAPTURE_AUTORELEASING = YES;
				CLANG_WARN_BOOL_CONVERSION = YES;
				CLANG_WARN_COMMA = YES;
				CLANG_WARN_CONSTANT_CONVERSION = YES;
				CLANG_WARN_DEPRECATED_OBJC_IMPLEMENTATIONS = YES;
				CLANG_WARN_DIRECT_OBJC_ISA_USAGE = YES_ERROR;
				CLANG_WARN_DOCUMENTATION_COMMENTS = YES;
				CLANG_WARN_EMPTY_BODY = YES;
				CLANG_WARN_ENUM_CONVERSION = YES;
				CLANG_WARN_INFINITE_RECURSION = YES;
				CLANG_WARN_INT_CONVERSION = YES;
				CLANG_WARN_NON_LITERAL_NULL_CONVERSION = YES;
				CLANG_WARN_OBJC_IMPLICIT_RETAIN_SELF = YES;
				CLANG_WARN_OBJC_LITERAL_CONVERSION = YES;
				CLANG_WARN_OBJC_ROOT_CLASS = YES_ERROR;
				CLANG_WARN_QUOTED_INCLUDE_IN_FRAMEWORK_HEADER = YES;
				CLANG_WARN_RANGE_LOOP_ANALYSIS = YES;
				CLANG_WARN_STRICT_PROTOTYPES = YES;
				CLANG_WARN_SUSPICIOUS_MOVE = YES;
				CLANG_WARN_UNGUARDED_AVAILABILITY = YES_AGGRESSIVE;
				CLANG_WARN_UNREACHABLE_CODE = YES;
				CLANG_WARN__DUPLICATE_METHOD_MATCH = YES;
				COPY_PHASE_STRIP = NO;
				DEBUG_INFORMATION_FORMAT = "dwarf-with-dsym";
				ENABLE_NS_ASSERTIONS = NO;
				ENABLE_STRICT_OBJC_MSGSEND = YES;
				ENABLE_USER_SCRIPT_SANDBOXING = YES;
				GCC_C_LANGUAGE_STANDARD = gnu17;
				GCC_NO_COMMON_BLOCKS = YES;
				GCC_WARN_64_TO_32_BIT_CONVERSION = YES;
				GCC_WARN_ABOUT_RETURN_TYPE = YES_ERROR;
				GCC_WARN_UNDECLARED_SELECTOR = YES;
				GCC_WARN_UNINITIALIZED_AUTOS = YES_AGGRESSIVE;
				GCC_WARN_UNUSED_FUNCTION = YES;
				GCC_WARN_UNUSED_VARIABLE = YES;
				IPHONEOS_DEPLOYMENT_TARGET = 17.0;
				LOCALIZATION_PREFERS_STRING_CATALOGS = YES;
				MTL_ENABLE_DEBUG_INFO = NO;
				MTL_FAST_MATH = YES;
				SDKROOT = iphoneos;
				SWIFT_COMPILATION_MODE = wholemodule;
				VALIDATE_PRODUCT = YES;
			};
			name = Release;
		};
		210E8D092B692F3A000D5549 /* Debug */ = {
			isa = XCBuildConfiguration;
			buildSettings = {
				ASSETCATALOG_COMPILER_APPICON_NAME = AppIcon;
				ASSETCATALOG_COMPILER_GLOBAL_ACCENT_COLOR_NAME = AccentColor;
				CODE_SIGN_ENTITLEMENTS = EarnedIt/EarnedIt.entitlements;
				CODE_SIGN_STYLE = Automatic;
				CURRENT_PROJECT_VERSION = 1;
				DEVELOPMENT_ASSET_PATHS = "\"EarnedIt/Preview Content\"";
				DEVELOPMENT_TEAM = 42NWXG687M;
				ENABLE_PREVIEWS = YES;
				GENERATE_INFOPLIST_FILE = YES;
				INFOPLIST_FILE = EarnedIt/Info.plist;
				INFOPLIST_KEY_UIApplicationSceneManifest_Generation = YES;
				INFOPLIST_KEY_UIApplicationSupportsIndirectInputEvents = YES;
				INFOPLIST_KEY_UILaunchScreen_Generation = YES;
				INFOPLIST_KEY_UISupportedInterfaceOrientations_iPad = "UIInterfaceOrientationPortrait UIInterfaceOrientationPortraitUpsideDown UIInterfaceOrientationLandscapeLeft UIInterfaceOrientationLandscapeRight";
				INFOPLIST_KEY_UISupportedInterfaceOrientations_iPhone = "UIInterfaceOrientationPortrait UIInterfaceOrientationLandscapeLeft UIInterfaceOrientationLandscapeRight";
				LD_RUNPATH_SEARCH_PATHS = (
					"$(inherited)",
					"@executable_path/Frameworks",
				);
				MARKETING_VERSION = 1.0;
				PRODUCT_BUNDLE_IDENTIFIER = me.jeddin.EarnedIt;
				PRODUCT_NAME = "$(TARGET_NAME)";
				SWIFT_EMIT_LOC_STRINGS = YES;
				SWIFT_VERSION = 5.0;
				TARGETED_DEVICE_FAMILY = "1,2";
			};
			name = Debug;
		};
		210E8D0A2B692F3A000D5549 /* Release */ = {
			isa = XCBuildConfiguration;
			buildSettings = {
				ASSETCATALOG_COMPILER_APPICON_NAME = AppIcon;
				ASSETCATALOG_COMPILER_GLOBAL_ACCENT_COLOR_NAME = AccentColor;
				CODE_SIGN_ENTITLEMENTS = EarnedIt/EarnedIt.entitlements;
				CODE_SIGN_STYLE = Automatic;
				CURRENT_PROJECT_VERSION = 1;
				DEVELOPMENT_ASSET_PATHS = "\"EarnedIt/Preview Content\"";
				DEVELOPMENT_TEAM = 42NWXG687M;
				ENABLE_PREVIEWS = YES;
				GENERATE_INFOPLIST_FILE = YES;
				INFOPLIST_FILE = EarnedIt/Info.plist;
				INFOPLIST_KEY_UIApplicationSceneManifest_Generation = YES;
				INFOPLIST_KEY_UIApplicationSupportsIndirectInputEvents = YES;
				INFOPLIST_KEY_UILaunchScreen_Generation = YES;
				INFOPLIST_KEY_UISupportedInterfaceOrientations_iPad = "UIInterfaceOrientationPortrait UIInterfaceOrientationPortraitUpsideDown UIInterfaceOrientationLandscapeLeft UIInterfaceOrientationLandscapeRight";
				INFOPLIST_KEY_UISupportedInterfaceOrientations_iPhone = "UIInterfaceOrientationPortrait UIInterfaceOrientationLandscapeLeft UIInterfaceOrientationLandscapeRight";
				LD_RUNPATH_SEARCH_PATHS = (
					"$(inherited)",
					"@executable_path/Frameworks",
				);
				MARKETING_VERSION = 1.0;
				PRODUCT_BUNDLE_IDENTIFIER = me.jeddin.EarnedIt;
				PRODUCT_NAME = "$(TARGET_NAME)";
				SWIFT_EMIT_LOC_STRINGS = YES;
				SWIFT_VERSION = 5.0;
				TARGETED_DEVICE_FAMILY = "1,2";
			};
			name = Release;
		};
/* End XCBuildConfiguration section */

/* Begin XCConfigurationList section */
		210E8CF52B692F39000D5549 /* Build configuration list for PBXProject "EarnedIt" */ = {
			isa = XCConfigurationList;
			buildConfigurations = (
				210E8D062B692F3A000D5549 /* Debug */,
				210E8D072B692F3A000D5549 /* Release */,
			);
			defaultConfigurationIsVisible = 0;
			defaultConfigurationName = Release;
		};
		210E8D082B692F3A000D5549 /* Build configuration list for PBXNativeTarget "EarnedIt" */ = {
			isa = XCConfigurationList;
			buildConfigurations = (
				210E8D092B692F3A000D5549 /* Debug */,
				210E8D0A2B692F3A000D5549 /* Release */,
			);
			defaultConfigurationIsVisible = 0;
			defaultConfigurationName = Release;
		};
/* End XCConfigurationList section */

/* Begin XCRemoteSwiftPackageReference section */
		21D748BB2B6B50C900E9A4EA /* XCRemoteSwiftPackageReference "SwiftSoup" */ = {
			isa = XCRemoteSwiftPackageReference;
			repositoryURL = "https://github.com/scinfu/SwiftSoup.git";
			requirement = {
				kind = upToNextMajorVersion;
				minimumVersion = 2.7.0;
			};
		};
/* End XCRemoteSwiftPackageReference section */

/* Begin XCSwiftPackageProductDependency section */
		21D748BC2B6B50C900E9A4EA /* SwiftSoup */ = {
			isa = XCSwiftPackageProductDependency;
			package = 21D748BB2B6B50C900E9A4EA /* XCRemoteSwiftPackageReference "SwiftSoup" */;
			productName = SwiftSoup;
		};
/* End XCSwiftPackageProductDependency section */
	};
	rootObject = 210E8CF22B692F39000D5549 /* Project object */;
}
